{
  "name": "server",
  "version": "1.0.0",
  "lockfileVersion": 2,
  "requires": true,
  "packages": {
    "": {
      "name": "server",
      "version": "1.0.0",
      "license": "ISC",
      "dependencies": {
        "nakama-runtime": "github:heroiclabs/nakama-common"
      },
      "devDependencies": {
        "typescript": "^4.5.4"
      }
    },
    "node_modules/nakama-runtime": {
      "version": "1.10.0",
      "resolved": "git+ssh://git@github.com/heroiclabs/nakama-common.git#9ba31bb1f195f9cf587a5c6a7e966b8bf9815074",
      "license": "Apache-2.0"
    },
    "node_modules/typescript": {
      "version": "4.5.4",
      "resolved": "https://registry.npmjs.org/typescript/-/typescript-4.5.4.tgz",
      "integrity": "sha512-VgYs2A2QIRuGphtzFV7aQJduJ2gyfTljngLzjpfW9FoYZF6xuw1W0vW9ghCKLfcWrCFxK81CSGRAvS1pn4fIUg==",
      "dev": true,
      "bin": {
        "tsc": "bin/tsc",
        "tsserver": "bin/tsserver"
      },
      "engines": {
        "node": ">=4.2.0"
      }
    }
  },
  "dependencies": {
    "nakama-runtime": {
      "version": "git+ssh://git@github.com/heroiclabs/nakama-common.git#9ba31bb1f195f9cf587a5c6a7e966b8bf9815074",
      "from": "nakama-runtime@https://github.com/heroiclabs/nakama-common"
    },
    "typescript": {
      "version": "4.5.4",
      "resolved": "https://registry.npmjs.org/typescript/-/typescript-4.5.4.tgz",
      "integrity": "sha512-VgYs2A2QIRuGphtzFV7aQJduJ2gyfTljngLzjpfW9FoYZF6xuw1W0vW9ghCKLfcWrCFxK81CSGRAvS1pn4fIUg==",
      "dev": true
    }
  }
}
