{
  "name": "survival2d",
  "version": "1.0.0",
  "lockfileVersion": 2,
  "requires": true,
  "packages": {
    "": {
      "name": "survival2d",
      "version": "1.0.0",
      "license": "ISC",
      "dependencies": {
        "nakama-runtime": "git+https://github.com/heroiclabs/nakama-common.git"
      },
      "devDependencies": {
        "prettier": "^2.5.1",
        "typescript": "^4.4.3"
      }
    },
    "node_modules/nakama-runtime": {
      "version": "1.10.0",
      "resolved": "git+ssh://git@github.com/heroiclabs/nakama-common.git#0e95106a7a14340d47d1b89dbec0b6ec44e1e8fa",
      "integrity": "sha512-ahGZXxqsKd0xh7tn8mf3ZzsNmXJrVxaIk3AgkmELR4XBOl52CpQ4fNPgYoF7Q8DNo3SQLGc2AqkU5AlJamltHw==",
      "license": "Apache-2.0"
    },
    "node_modules/prettier": {
      "version": "2.5.1",
      "resolved": "https://registry.npmjs.org/prettier/-/prettier-2.5.1.tgz",
      "integrity": "sha512-vBZcPRUR5MZJwoyi3ZoyQlc1rXeEck8KgeC9AwwOn+exuxLxq5toTRDTSaVrXHxelDMHy9zlicw8u66yxoSUFg==",
      "dev": true,
      "bin": {
        "prettier": "bin-prettier.js"
      },
      "engines": {
        "node": ">=10.13.0"
      }
    },
    "node_modules/typescript": {
      "version": "4.4.3",
      "resolved": "https://registry.npmjs.org/typescript/-/typescript-4.4.3.tgz",
      "integrity": "sha512-4xfscpisVgqqDfPaJo5vkd+Qd/ItkoagnHpufr+i2QCHBsNYp+G7UAoyFl8aPtx879u38wPV65rZ8qbGZijalA==",
      "dev": true,
      "bin": {
        "tsc": "bin/tsc",
        "tsserver": "bin/tsserver"
      },
      "engines": {
        "node": ">=4.2.0"
      }
    }
  },
  "dependencies": {
    "nakama-runtime": {
      "version": "git+ssh://git@github.com/heroiclabs/nakama-common.git#0e95106a7a14340d47d1b89dbec0b6ec44e1e8fa",
      "integrity": "sha512-ahGZXxqsKd0xh7tn8mf3ZzsNmXJrVxaIk3AgkmELR4XBOl52CpQ4fNPgYoF7Q8DNo3SQLGc2AqkU5AlJamltHw==",
      "from": "nakama-runtime@git+https://github.com/heroiclabs/nakama-common.git"
    },
    "prettier": {
      "version": "2.5.1",
      "resolved": "https://registry.npmjs.org/prettier/-/prettier-2.5.1.tgz",
      "integrity": "sha512-vBZcPRUR5MZJwoyi3ZoyQlc1rXeEck8KgeC9AwwOn+exuxLxq5toTRDTSaVrXHxelDMHy9zlicw8u66yxoSUFg==",
      "dev": true
    },
    "typescript": {
      "version": "4.4.3",
      "resolved": "https://registry.npmjs.org/typescript/-/typescript-4.4.3.tgz",
      "integrity": "sha512-4xfscpisVgqqDfPaJo5vkd+Qd/ItkoagnHpufr+i2QCHBsNYp+G7UAoyFl8aPtx879u38wPV65rZ8qbGZijalA==",
      "dev": true
    }
  }
}
