# THIS IS AN AUTOGENERATED FILE. DO NOT EDIT THIS FILE DIRECTLY.
# yarn lockfile v1


"nakama-runtime@git+https://github.com/heroiclabs/nakama-common.git":
  "integrity" "sha512-ahGZXxqsKd0xh7tn8mf3ZzsNmXJrVxaIk3AgkmELR4XBOl52CpQ4fNPgYoF7Q8DNo3SQLGc2AqkU5AlJamltHw=="
  "resolved" "git+ssh://git@github.com/heroiclabs/nakama-common.git#0e95106a7a14340d47d1b89dbec0b6ec44e1e8fa"
  "version" "1.10.0"

"prettier@^2.5.1":
  "integrity" "sha512-vBZcPRUR5MZJwoyi3ZoyQlc1rXeEck8KgeC9AwwOn+exuxLxq5toTRDTSaVrXHxelDMHy9zlicw8u66yxoSUFg=="
  "resolved" "https://registry.npmjs.org/prettier/-/prettier-2.5.1.tgz"
  "version" "2.5.1"

"typescript@^4.4.3":
  "integrity" "sha512-4xfscpisVgqqDfPaJo5vkd+Qd/ItkoagnHpufr+i2QCHBsNYp+G7UAoyFl8aPtx879u38wPV65rZ8qbGZijalA=="
  "resolved" "https://registry.npmjs.org/typescript/-/typescript-4.4.3.tgz"
  "version" "4.4.3"
